// !$*UTF8*$!
{
	archiveVersion = 1;
	classes = {
	};
	objectVersion = 46;
	objects = {

/* Begin PBXBuildFile section */
		911A8C301B9ED6DC00F807FF /* TitleView.m in Sources */ = {isa = PBXBuildFile; fileRef = 911A8C2F1B9ED6DC00F807FF /* TitleView.m */; };
		911A8C321B9ED6F300F807FF /* TitleView.xib in Resources */ = {isa = PBXBuildFile; fileRef = 911A8C311B9ED6F300F807FF /* TitleView.xib */; };
		912FEEA71BA2627600D2D8F2 /* AllWordsView.xib in Resources */ = {isa = PBXBuildFile; fileRef = 912FEEA61BA2627600D2D8F2 /* AllWordsView.xib */; };
		9135A5191BA15B7000DB10C7 /* DictionaryNewViewController.m in Sources */ = {isa = PBXBuildFile; fileRef = 9135A5171BA15B7000DB10C7 /* DictionaryNewViewController.m */; };
		9135A51A1BA15B7000DB10C7 /* DictionaryNewViewController.xib in Resources */ = {isa = PBXBuildFile; fileRef = 9135A5181BA15B7000DB10C7 /* DictionaryNewViewController.xib */; };
		9135A5201BA1622C00DB10C7 /* AllWordsView.m in Sources */ = {isa = PBXBuildFile; fileRef = 9135A51F1BA1622C00DB10C7 /* AllWordsView.m */; };
		9135A5221BA164DE00DB10C7 /* SearchView.xib in Resources */ = {isa = PBXBuildFile; fileRef = 9135A5211BA164DE00DB10C7 /* SearchView.xib */; };
		9135A5251BA16CAB00DB10C7 /* SearchView.m in Sources */ = {isa = PBXBuildFile; fileRef = 9135A5241BA16CAB00DB10C7 /* SearchView.m */; };
		913D25F51BA026C700E88C7E /* RemenberScreenNewViewController.m in Sources */ = {isa = PBXBuildFile; fileRef = 913D25F31BA026C700E88C7E /* RemenberScreenNewViewController.m */; };
		913D25F61BA026C700E88C7E /* RemenberScreenNewViewController.xib in Resources */ = {isa = PBXBuildFile; fileRef = 913D25F41BA026C700E88C7E /* RemenberScreenNewViewController.xib */; };
		9185C88D1B992DAB00B1BD23 /* THCircularProgressView.m in Sources */ = {isa = PBXBuildFile; fileRef = 9185C88C1B992DAB00B1BD23 /* THCircularProgressView.m */; };
		919FBEE01B96ED4A0004EFFF /* Default.png in Resources */ = {isa = PBXBuildFile; fileRef = 919FBEDF1B96ED4A0004EFFF /* Default.png */; };
		919FBEE21B96ED6E0004EFFF /* Default-568h@2x.png in Resources */ = {isa = PBXBuildFile; fileRef = 919FBEE11B96ED6E0004EFFF /* Default-568h@2x.png */; };
		919FBEE41B96ED870004EFFF /* Default~iphone.png in Resources */ = {isa = PBXBuildFile; fileRef = 919FBEE31B96ED870004EFFF /* Default~iphone.png */; };
		919FBEEA1B96FBB10004EFFF /* SelectModeNewViewController.m in Sources */ = {isa = PBXBuildFile; fileRef = 919FBEE81B96FBB10004EFFF /* SelectModeNewViewController.m */; };
		919FBEEB1B96FBB10004EFFF /* SelectModeNewViewController.xib in Resources */ = {isa = PBXBuildFile; fileRef = 919FBEE91B96FBB10004EFFF /* SelectModeNewViewController.xib */; };
		91A247921B9D22F400E5659D /* PointTaskNewViewController.m in Sources */ = {isa = PBXBuildFile; fileRef = 91A247901B9D22F400E5659D /* PointTaskNewViewController.m */; };
		91A247931B9D22F400E5659D /* PointTaskNewViewController.xib in Resources */ = {isa = PBXBuildFile; fileRef = 91A247911B9D22F400E5659D /* PointTaskNewViewController.xib */; };
		91A247961B9D361900E5659D /* PointTaskTableViewCell.m in Sources */ = {isa = PBXBuildFile; fileRef = 91A247951B9D361900E5659D /* PointTaskTableViewCell.m */; };
		91A247981B9D746000E5659D /* translation.sqlite in Resources */ = {isa = PBXBuildFile; fileRef = 91A247971B9D746000E5659D /* translation.sqlite */; };
		91A2479C1B9D7B9100E5659D /* GameScreenNewViewController.m in Sources */ = {isa = PBXBuildFile; fileRef = 91A2479A1B9D7B9100E5659D /* GameScreenNewViewController.m */; };
		91A2479D1B9D7B9100E5659D /* GameScreenNewViewController.xib in Resources */ = {isa = PBXBuildFile; fileRef = 91A2479B1B9D7B9100E5659D /* GameScreenNewViewController.xib */; };
		91A2ED6D1B980E2400EDCDA1 /* GamePointsNewViewController.m in Sources */ = {isa = PBXBuildFile; fileRef = 91A2ED6C1B980E2400EDCDA1 /* GamePointsNewViewController.m */; };
		91A2ED7E1B98286E00EDCDA1 /* GameCollectionViewCell.m in Sources */ = {isa = PBXBuildFile; fileRef = 91A2ED7D1B98286E00EDCDA1 /* GameCollectionViewCell.m */; };
		91A2ED871B9837DD00EDCDA1 /* StatisticsNewViewController.m in Sources */ = {isa = PBXBuildFile; fileRef = 91A2ED851B9837DD00EDCDA1 /* StatisticsNewViewController.m */; };
		91A2ED881B9837DD00EDCDA1 /* StatisticsNewViewController.xib in Resources */ = {isa = PBXBuildFile; fileRef = 91A2ED861B9837DD00EDCDA1 /* StatisticsNewViewController.xib */; };
		91A2ED8B1B98467700EDCDA1 /* StatisticsTableViewCell.m in Sources */ = {isa = PBXBuildFile; fileRef = 91A2ED8A1B98467700EDCDA1 /* StatisticsTableViewCell.m */; };
		91F669E71BA95D6600CC796C /* DetailWordViewController.m in Sources */ = {isa = PBXBuildFile; fileRef = 91F669E51BA95D6600CC796C /* DetailWordViewController.m */; };
		91F669E81BA95D6600CC796C /* DetailWordViewController.xib in Resources */ = {isa = PBXBuildFile; fileRef = 91F669E61BA95D6600CC796C /* DetailWordViewController.xib */; };
		C12734A018697CAD003D1C24 /* RemenberScreenViewController.m in Sources */ = {isa = PBXBuildFile; fileRef = C127349F18697CAD003D1C24 /* RemenberScreenViewController.m */; };
		C128274619CAB8FE005AE832 /* nbg.png in Resources */ = {isa = PBXBuildFile; fileRef = C128274519CAB8FE005AE832 /* nbg.png */; };
		C128274B19CAB9D0005AE832 /* n2-1.png in Resources */ = {isa = PBXBuildFile; fileRef = C128274719CAB9D0005AE832 /* n2-1.png */; };
		C128274C19CAB9D0005AE832 /* n2-2.png in Resources */ = {isa = PBXBuildFile; fileRef = C128274819CAB9D0005AE832 /* n2-2.png */; };
		C128274D19CAB9D0005AE832 /* n2-3.png in Resources */ = {isa = PBXBuildFile; fileRef = C128274919CAB9D0005AE832 /* n2-3.png */; };
		C128274E19CAB9D0005AE832 /* n2-4.png in Resources */ = {isa = PBXBuildFile; fileRef = C128274A19CAB9D0005AE832 /* n2-4.png */; };
		C128275019CABB4D005AE832 /* n4-21.png in Resources */ = {isa = PBXBuildFile; fileRef = C128274F19CABB4D005AE832 /* n4-21.png */; };
		C128275219CABFE2005AE832 /* n4-1.png in Resources */ = {isa = PBXBuildFile; fileRef = C128275119CABFE2005AE832 /* n4-1.png */; };
		C128275419CAC1EB005AE832 /* n8-2.png in Resources */ = {isa = PBXBuildFile; fileRef = C128275319CAC1EB005AE832 /* n8-2.png */; };
		C128275E19CAC49F005AE832 /* n8-7.png in Resources */ = {isa = PBXBuildFile; fileRef = C128275D19CAC49F005AE832 /* n8-7.png */; };
		C128276019CAC6E1005AE832 /* 8-3-80.png in Resources */ = {isa = PBXBuildFile; fileRef = C128275F19CAC6E1005AE832 /* 8-3-80.png */; };
		C128276719CAC93E005AE832 /* n8-1.png in Resources */ = {isa = PBXBuildFile; fileRef = C128276119CAC93E005AE832 /* n8-1.png */; };
		C128276819CAC93E005AE832 /* n8-3.png in Resources */ = {isa = PBXBuildFile; fileRef = C128276219CAC93E005AE832 /* n8-3.png */; };
		C128276919CAC93E005AE832 /* n8-4.png in Resources */ = {isa = PBXBuildFile; fileRef = C128276319CAC93E005AE832 /* n8-4.png */; };
		C128276A19CAC93E005AE832 /* n8-5.png in Resources */ = {isa = PBXBuildFile; fileRef = C128276419CAC93E005AE832 /* n8-5.png */; };
		C128276B19CAC93E005AE832 /* n8-11.png in Resources */ = {isa = PBXBuildFile; fileRef = C128276519CAC93E005AE832 /* n8-11.png */; };
		C128276C19CAC93E005AE832 /* n8-21.png in Resources */ = {isa = PBXBuildFile; fileRef = C128276619CAC93E005AE832 /* n8-21.png */; };
		C128277219CACB0C005AE832 /* n8-331.png in Resources */ = {isa = PBXBuildFile; fileRef = C128276D19CACB0C005AE832 /* n8-331.png */; };
		C128277319CACB0C005AE832 /* n8-332.png in Resources */ = {isa = PBXBuildFile; fileRef = C128276E19CACB0C005AE832 /* n8-332.png */; };
		C128277419CACB0C005AE832 /* n8-333.png in Resources */ = {isa = PBXBuildFile; fileRef = C128276F19CACB0C005AE832 /* n8-333.png */; };
		C128277519CACB0C005AE832 /* n8-334.png in Resources */ = {isa = PBXBuildFile; fileRef = C128277019CACB0C005AE832 /* n8-334.png */; };
		C128277619CACB0C005AE832 /* n8-335.png in Resources */ = {isa = PBXBuildFile; fileRef = C128277119CACB0C005AE832 /* n8-335.png */; };
		C128277919CACDC6005AE832 /* n7-9.png in Resources */ = {isa = PBXBuildFile; fileRef = C128277719CACDC6005AE832 /* n7-9.png */; };
		C128277A19CACDC6005AE832 /* n7-10.png in Resources */ = {isa = PBXBuildFile; fileRef = C128277819CACDC6005AE832 /* n7-10.png */; };
		C128277C19CAD02A005AE832 /* n7-8.png in Resources */ = {isa = PBXBuildFile; fileRef = C128277B19CAD02A005AE832 /* n7-8.png */; };
		C128277F19CAD334005AE832 /* n9-1.png in Resources */ = {isa = PBXBuildFile; fileRef = C128277D19CAD334005AE832 /* n9-1.png */; };
		C128278019CAD334005AE832 /* n9-2.png in Resources */ = {isa = PBXBuildFile; fileRef = C128277E19CAD334005AE832 /* n9-2.png */; };
		C128278219CAD931005AE832 /* n7-11.png in Resources */ = {isa = PBXBuildFile; fileRef = C128278119CAD931005AE832 /* n7-11.png */; };
		C134019C19C7DA9C00D5A50D /* 1.png in Resources */ = {isa = PBXBuildFile; fileRef = C134019819C7DA9C00D5A50D /* 1.png */; };
		C134019D19C7DA9C00D5A50D /* 114-2.png in Resources */ = {isa = PBXBuildFile; fileRef = C134019919C7DA9C00D5A50D /* 114-2.png */; };
		C134019E19C7DA9C00D5A50D /* 512-2.png in Resources */ = {isa = PBXBuildFile; fileRef = C134019A19C7DA9C00D5A50D /* 512-2.png */; };
		C134019F19C7DA9C00D5A50D /* 1024.png in Resources */ = {isa = PBXBuildFile; fileRef = C134019B19C7DA9C00D5A50D /* 1024.png */; };
		C13401A919C7E7AF00D5A50D /* 120-2.png in Resources */ = {isa = PBXBuildFile; fileRef = C13401A819C7E7AF00D5A50D /* 120-2.png */; };
		C134020E19C7EBF600D5A50D /* n3-4.png in Resources */ = {isa = PBXBuildFile; fileRef = C13401F719C7EBF600D5A50D /* n3-4.png */; };
		C158D8AC19B93E77005A239A /* AutocompletionTableView.m in Sources */ = {isa = PBXBuildFile; fileRef = C158D8AB19B93E77005A239A /* AutocompletionTableView.m */; };
		C158D8AF19B94283005A239A /* DetailViewController.m in Sources */ = {isa = PBXBuildFile; fileRef = C158D8AE19B94283005A239A /* DetailViewController.m */; };
		C158D8B219B950FF005A239A /* WebViewController.m in Sources */ = {isa = PBXBuildFile; fileRef = C158D8B119B950FF005A239A /* WebViewController.m */; };
		C158D8C319B9A00F005A239A /* AllDicViewController.m in Sources */ = {isa = PBXBuildFile; fileRef = C158D8C019B9A00F005A239A /* AllDicViewController.m */; };
		C158D8C419B9A00F005A239A /* AllWordsTableViewCell.m in Sources */ = {isa = PBXBuildFile; fileRef = C158D8C219B9A00F005A239A /* AllWordsTableViewCell.m */; };
		C179EEEA19C1473500CEC1C0 /* JHTickerView.m in Sources */ = {isa = PBXBuildFile; fileRef = C179EEE919C1473500CEC1C0 /* JHTickerView.m */; };
		C1A5507E186BF2DF00C57211 /* StatisticsViewController.m in Sources */ = {isa = PBXBuildFile; fileRef = C1A5507D186BF2DF00C57211 /* StatisticsViewController.m */; };
		C1A55084186BF57400C57211 /* StatisticsCell.m in Sources */ = {isa = PBXBuildFile; fileRef = C1A55083186BF57400C57211 /* StatisticsCell.m */; };
		C1A55088186C264D00C57211 /* DictionaryViewController.m in Sources */ = {isa = PBXBuildFile; fileRef = C1A55087186C264D00C57211 /* DictionaryViewController.m */; };
		C1ADE221185EA5680054A346 /* Foundation.framework in Frameworks */ = {isa = PBXBuildFile; fileRef = C1ADE220185EA5680054A346 /* Foundation.framework */; };
		C1ADE223185EA5680054A346 /* CoreGraphics.framework in Frameworks */ = {isa = PBXBuildFile; fileRef = C1ADE222185EA5680054A346 /* CoreGraphics.framework */; };
		C1ADE225185EA5680054A346 /* UIKit.framework in Frameworks */ = {isa = PBXBuildFile; fileRef = C1ADE224185EA5680054A346 /* UIKit.framework */; };
		C1ADE22B185EA5680054A346 /* InfoPlist.strings in Resources */ = {isa = PBXBuildFile; fileRef = C1ADE229185EA5680054A346 /* InfoPlist.strings */; };
		C1ADE22D185EA5680054A346 /* main.m in Sources */ = {isa = PBXBuildFile; fileRef = C1ADE22C185EA5680054A346 /* main.m */; };
		C1ADE231185EA5680054A346 /* AppDelegate.m in Sources */ = {isa = PBXBuildFile; fileRef = C1ADE230185EA5680054A346 /* AppDelegate.m */; };
		C1ADE233185EA5680054A346 /* Images.xcassets in Resources */ = {isa = PBXBuildFile; fileRef = C1ADE232185EA5680054A346 /* Images.xcassets */; };
		C1ADE23A185EA5680054A346 /* XCTest.framework in Frameworks */ = {isa = PBXBuildFile; fileRef = C1ADE239185EA5680054A346 /* XCTest.framework */; };
		C1ADE23B185EA5680054A346 /* Foundation.framework in Frameworks */ = {isa = PBXBuildFile; fileRef = C1ADE220185EA5680054A346 /* Foundation.framework */; };
		C1ADE23C185EA5680054A346 /* UIKit.framework in Frameworks */ = {isa = PBXBuildFile; fileRef = C1ADE224185EA5680054A346 /* UIKit.framework */; };
		C1ADE244185EA5680054A346 /* InfoPlist.strings in Resources */ = {isa = PBXBuildFile; fileRef = C1ADE242185EA5680054A346 /* InfoPlist.strings */; };
		C1ADE246185EA5680054A346 /* TranslationTests.m in Sources */ = {isa = PBXBuildFile; fileRef = C1ADE245185EA5680054A346 /* TranslationTests.m */; };
		C1ADE255185EA8670054A346 /* SelectModeViewController.m in Sources */ = {isa = PBXBuildFile; fileRef = C1ADE254185EA8670054A346 /* SelectModeViewController.m */; };
		C1ADE262185EAFAF0054A346 /* GamePointsViewController.m in Sources */ = {isa = PBXBuildFile; fileRef = C1ADE261185EAFAF0054A346 /* GamePointsViewController.m */; };
		C1ADE265185EC4DC0054A346 /* PointsCell.m in Sources */ = {isa = PBXBuildFile; fileRef = C1ADE264185EC4DC0054A346 /* PointsCell.m */; };
		C1ADE268185EE2FE0054A346 /* PointsTaskViewController.m in Sources */ = {isa = PBXBuildFile; fileRef = C1ADE267185EE2FE0054A346 /* PointsTaskViewController.m */; };
		C1ADE26B185EF3BE0054A346 /* GameScreenViewController.m in Sources */ = {isa = PBXBuildFile; fileRef = C1ADE26A185EF3BE0054A346 /* GameScreenViewController.m */; };
		C1ADE26D185F016A0054A346 /* QuartzCore.framework in Frameworks */ = {isa = PBXBuildFile; fileRef = C1ADE26C185F016A0054A346 /* QuartzCore.framework */; };
		C1B980E51861A59100730C4A /* libsqlite3.dylib in Frameworks */ = {isa = PBXBuildFile; fileRef = C1B980E41861A59100730C4A /* libsqlite3.dylib */; };
		C1B980F21861A6CB00730C4A /* FMDatabase.m in Sources */ = {isa = PBXBuildFile; fileRef = C1B980E81861A6CB00730C4A /* FMDatabase.m */; };
		C1B980F31861A6CB00730C4A /* FMDatabaseAdditions.m in Sources */ = {isa = PBXBuildFile; fileRef = C1B980EA1861A6CB00730C4A /* FMDatabaseAdditions.m */; };
		C1B980F41861A6CB00730C4A /* FMDatabasePool.m in Sources */ = {isa = PBXBuildFile; fileRef = C1B980EC1861A6CB00730C4A /* FMDatabasePool.m */; };
		C1B980F51861A6CB00730C4A /* FMDatabaseQueue.m in Sources */ = {isa = PBXBuildFile; fileRef = C1B980EE1861A6CB00730C4A /* FMDatabaseQueue.m */; };
		C1B980F71861A6CB00730C4A /* FMResultSet.m in Sources */ = {isa = PBXBuildFile; fileRef = C1B980F11861A6CB00730C4A /* FMResultSet.m */; };
/* End PBXBuildFile section */

/* Begin PBXContainerItemProxy section */
		C1ADE23D185EA5680054A346 /* PBXContainerItemProxy */ = {
			isa = PBXContainerItemProxy;
			containerPortal = C1ADE215185EA5680054A346 /* Project object */;
			proxyType = 1;
			remoteGlobalIDString = C1ADE21C185EA5680054A346;
			remoteInfo = Translation;
		};
/* End PBXContainerItemProxy section */

/* Begin PBXFileReference section */
		911A8C2E1B9ED6DC00F807FF /* TitleView.h */ = {isa = PBXFileReference; fileEncoding = 4; lastKnownFileType = sourcecode.c.h; path = TitleView.h; sourceTree = "<group>"; };
		911A8C2F1B9ED6DC00F807FF /* TitleView.m */ = {isa = PBXFileReference; fileEncoding = 4; lastKnownFileType = sourcecode.c.objc; path = TitleView.m; sourceTree = "<group>"; };
		911A8C311B9ED6F300F807FF /* TitleView.xib */ = {isa = PBXFileReference; fileEncoding = 4; lastKnownFileType = file.xib; path = TitleView.xib; sourceTree = "<group>"; };
		912FEEA61BA2627600D2D8F2 /* AllWordsView.xib */ = {isa = PBXFileReference; fileEncoding = 4; lastKnownFileType = file.xib; path = AllWordsView.xib; sourceTree = "<group>"; };
		9135A5161BA15B7000DB10C7 /* DictionaryNewViewController.h */ = {isa = PBXFileReference; fileEncoding = 4; lastKnownFileType = sourcecode.c.h; path = DictionaryNewViewController.h; sourceTree = "<group>"; };
		9135A5171BA15B7000DB10C7 /* DictionaryNewViewController.m */ = {isa = PBXFileReference; fileEncoding = 4; lastKnownFileType = sourcecode.c.objc; path = DictionaryNewViewController.m; sourceTree = "<group>"; };
		9135A5181BA15B7000DB10C7 /* DictionaryNewViewController.xib */ = {isa = PBXFileReference; fileEncoding = 4; lastKnownFileType = file.xib; path = DictionaryNewViewController.xib; sourceTree = "<group>"; };
		9135A51E1BA1622C00DB10C7 /* AllWordsView.h */ = {isa = PBXFileReference; fileEncoding = 4; lastKnownFileType = sourcecode.c.h; path = AllWordsView.h; sourceTree = "<group>"; };
		9135A51F1BA1622C00DB10C7 /* AllWordsView.m */ = {isa = PBXFileReference; fileEncoding = 4; lastKnownFileType = sourcecode.c.objc; path = AllWordsView.m; sourceTree = "<group>"; };
		9135A5211BA164DE00DB10C7 /* SearchView.xib */ = {isa = PBXFileReference; fileEncoding = 4; lastKnownFileType = file.xib; path = SearchView.xib; sourceTree = "<group>"; };
		9135A5231BA16CAB00DB10C7 /* SearchView.h */ = {isa = PBXFileReference; fileEncoding = 4; lastKnownFileType = sourcecode.c.h; path = SearchView.h; sourceTree = "<group>"; };
		9135A5241BA16CAB00DB10C7 /* SearchView.m */ = {isa = PBXFileReference; fileEncoding = 4; lastKnownFileType = sourcecode.c.objc; path = SearchView.m; sourceTree = "<group>"; };
		913D25F21BA026C700E88C7E /* RemenberScreenNewViewController.h */ = {isa = PBXFileReference; fileEncoding = 4; lastKnownFileType = sourcecode.c.h; path = RemenberScreenNewViewController.h; sourceTree = "<group>"; };
		913D25F31BA026C700E88C7E /* RemenberScreenNewViewController.m */ = {isa = PBXFileReference; fileEncoding = 4; lastKnownFileType = sourcecode.c.objc; path = RemenberScreenNewViewController.m; sourceTree = "<group>"; };
		913D25F41BA026C700E88C7E /* RemenberScreenNewViewController.xib */ = {isa = PBXFileReference; fileEncoding = 4; lastKnownFileType = file.xib; path = RemenberScreenNewViewController.xib; sourceTree = "<group>"; };
		9185C88B1B992DAB00B1BD23 /* THCircularProgressView.h */ = {isa = PBXFileReference; fileEncoding = 4; lastKnownFileType = sourcecode.c.h; path = THCircularProgressView.h; sourceTree = "<group>"; };
		9185C88C1B992DAB00B1BD23 /* THCircularProgressView.m */ = {isa = PBXFileReference; fileEncoding = 4; lastKnownFileType = sourcecode.c.objc; path = THCircularProgressView.m; sourceTree = "<group>"; };
		919FBEDF1B96ED4A0004EFFF /* Default.png */ = {isa = PBXFileReference; lastKnownFileType = image.png; path = Default.png; sourceTree = "<group>"; };
		919FBEE11B96ED6E0004EFFF /* Default-568h@2x.png */ = {isa = PBXFileReference; lastKnownFileType = image.png; path = "Default-568h@2x.png"; sourceTree = "<group>"; };
		919FBEE31B96ED870004EFFF /* Default~iphone.png */ = {isa = PBXFileReference; lastKnownFileType = image.png; path = "Default~iphone.png"; sourceTree = "<group>"; };
		919FBEE71B96FBB10004EFFF /* SelectModeNewViewController.h */ = {isa = PBXFileReference; fileEncoding = 4; lastKnownFileType = sourcecode.c.h; path = SelectModeNewViewController.h; sourceTree = "<group>"; };
		919FBEE81B96FBB10004EFFF /* SelectModeNewViewController.m */ = {isa = PBXFileReference; fileEncoding = 4; lastKnownFileType = sourcecode.c.objc; path = SelectModeNewViewController.m; sourceTree = "<group>"; };
		919FBEE91B96FBB10004EFFF /* SelectModeNewViewController.xib */ = {isa = PBXFileReference; fileEncoding = 4; lastKnownFileType = file.xib; path = SelectModeNewViewController.xib; sourceTree = "<group>"; };
		91A2478F1B9D22F400E5659D /* PointTaskNewViewController.h */ = {isa = PBXFileReference; fileEncoding = 4; lastKnownFileType = sourcecode.c.h; path = PointTaskNewViewController.h; sourceTree = "<group>"; };
		91A247901B9D22F400E5659D /* PointTaskNewViewController.m */ = {isa = PBXFileReference; fileEncoding = 4; lastKnownFileType = sourcecode.c.objc; path = PointTaskNewViewController.m; sourceTree = "<group>"; };
		91A247911B9D22F400E5659D /* PointTaskNewViewController.xib */ = {isa = PBXFileReference; fileEncoding = 4; lastKnownFileType = file.xib; path = PointTaskNewViewController.xib; sourceTree = "<group>"; };
		91A247941B9D361900E5659D /* PointTaskTableViewCell.h */ = {isa = PBXFileReference; fileEncoding = 4; lastKnownFileType = sourcecode.c.h; path = PointTaskTableViewCell.h; sourceTree = "<group>"; };
		91A247951B9D361900E5659D /* PointTaskTableViewCell.m */ = {isa = PBXFileReference; fileEncoding = 4; lastKnownFileType = sourcecode.c.objc; path = PointTaskTableViewCell.m; sourceTree = "<group>"; };
		91A247971B9D746000E5659D /* translation.sqlite */ = {isa = PBXFileReference; lastKnownFileType = file; path = translation.sqlite; sourceTree = "<group>"; };
		91A247991B9D7B9100E5659D /* GameScreenNewViewController.h */ = {isa = PBXFileReference; fileEncoding = 4; lastKnownFileType = sourcecode.c.h; path = GameScreenNewViewController.h; sourceTree = "<group>"; };
		91A2479A1B9D7B9100E5659D /* GameScreenNewViewController.m */ = {isa = PBXFileReference; fileEncoding = 4; lastKnownFileType = sourcecode.c.objc; path = GameScreenNewViewController.m; sourceTree = "<group>"; };
		91A2479B1B9D7B9100E5659D /* GameScreenNewViewController.xib */ = {isa = PBXFileReference; fileEncoding = 4; lastKnownFileType = file.xib; path = GameScreenNewViewController.xib; sourceTree = "<group>"; };
		91A2ED6B1B980E2400EDCDA1 /* GamePointsNewViewController.h */ = {isa = PBXFileReference; fileEncoding = 4; lastKnownFileType = sourcecode.c.h; path = GamePointsNewViewController.h; sourceTree = "<group>"; };
		91A2ED6C1B980E2400EDCDA1 /* GamePointsNewViewController.m */ = {isa = PBXFileReference; fileEncoding = 4; lastKnownFileType = sourcecode.c.objc; path = GamePointsNewViewController.m; sourceTree = "<group>"; };
		91A2ED7C1B98286E00EDCDA1 /* GameCollectionViewCell.h */ = {isa = PBXFileReference; fileEncoding = 4; lastKnownFileType = sourcecode.c.h; path = GameCollectionViewCell.h; sourceTree = "<group>"; };
		91A2ED7D1B98286E00EDCDA1 /* GameCollectionViewCell.m */ = {isa = PBXFileReference; fileEncoding = 4; lastKnownFileType = sourcecode.c.objc; path = GameCollectionViewCell.m; sourceTree = "<group>"; };
		91A2ED841B9837DD00EDCDA1 /* StatisticsNewViewController.h */ = {isa = PBXFileReference; fileEncoding = 4; lastKnownFileType = sourcecode.c.h; path = StatisticsNewViewController.h; sourceTree = "<group>"; };
		91A2ED851B9837DD00EDCDA1 /* StatisticsNewViewController.m */ = {isa = PBXFileReference; fileEncoding = 4; lastKnownFileType = sourcecode.c.objc; path = StatisticsNewViewController.m; sourceTree = "<group>"; };
		91A2ED861B9837DD00EDCDA1 /* StatisticsNewViewController.xib */ = {isa = PBXFileReference; fileEncoding = 4; lastKnownFileType = file.xib; path = StatisticsNewViewController.xib; sourceTree = "<group>"; };
		91A2ED891B98467700EDCDA1 /* StatisticsTableViewCell.h */ = {isa = PBXFileReference; fileEncoding = 4; lastKnownFileType = sourcecode.c.h; path = StatisticsTableViewCell.h; sourceTree = "<group>"; };
		91A2ED8A1B98467700EDCDA1 /* StatisticsTableViewCell.m */ = {isa = PBXFileReference; fileEncoding = 4; lastKnownFileType = sourcecode.c.objc; path = StatisticsTableViewCell.m; sourceTree = "<group>"; };
		91F669E41BA95D6600CC796C /* DetailWordViewController.h */ = {isa = PBXFileReference; fileEncoding = 4; lastKnownFileType = sourcecode.c.h; path = DetailWordViewController.h; sourceTree = "<group>"; };
		91F669E51BA95D6600CC796C /* DetailWordViewController.m */ = {isa = PBXFileReference; fileEncoding = 4; lastKnownFileType = sourcecode.c.objc; path = DetailWordViewController.m; sourceTree = "<group>"; };
		91F669E61BA95D6600CC796C /* DetailWordViewController.xib */ = {isa = PBXFileReference; fileEncoding = 4; lastKnownFileType = file.xib; path = DetailWordViewController.xib; sourceTree = "<group>"; };
		C127349E18697CAD003D1C24 /* RemenberScreenViewController.h */ = {isa = PBXFileReference; fileEncoding = 4; lastKnownFileType = sourcecode.c.h; path = RemenberScreenViewController.h; sourceTree = "<group>"; };
		C127349F18697CAD003D1C24 /* RemenberScreenViewController.m */ = {isa = PBXFileReference; fileEncoding = 4; lastKnownFileType = sourcecode.c.objc; path = RemenberScreenViewController.m; sourceTree = "<group>"; };
		C128274519CAB8FE005AE832 /* nbg.png */ = {isa = PBXFileReference; lastKnownFileType = image.png; path = nbg.png; sourceTree = "<group>"; };
		C128274719CAB9D0005AE832 /* n2-1.png */ = {isa = PBXFileReference; lastKnownFileType = image.png; path = "n2-1.png"; sourceTree = "<group>"; };
		C128274819CAB9D0005AE832 /* n2-2.png */ = {isa = PBXFileReference; lastKnownFileType = image.png; path = "n2-2.png"; sourceTree = "<group>"; };
		C128274919CAB9D0005AE832 /* n2-3.png */ = {isa = PBXFileReference; lastKnownFileType = image.png; path = "n2-3.png"; sourceTree = "<group>"; };
		C128274A19CAB9D0005AE832 /* n2-4.png */ = {isa = PBXFileReference; lastKnownFileType = image.png; path = "n2-4.png"; sourceTree = "<group>"; };
		C128274F19CABB4D005AE832 /* n4-21.png */ = {isa = PBXFileReference; lastKnownFileType = image.png; path = "n4-21.png"; sourceTree = "<group>"; };
		C128275119CABFE2005AE832 /* n4-1.png */ = {isa = PBXFileReference; lastKnownFileType = image.png; path = "n4-1.png"; sourceTree = "<group>"; };
		C128275319CAC1EB005AE832 /* n8-2.png */ = {isa = PBXFileReference; lastKnownFileType = image.png; path = "n8-2.png"; sourceTree = "<group>"; };
		C128275D19CAC49F005AE832 /* n8-7.png */ = {isa = PBXFileReference; lastKnownFileType = image.png; path = "n8-7.png"; sourceTree = "<group>"; };
		C128275F19CAC6E1005AE832 /* 8-3-80.png */ = {isa = PBXFileReference; lastKnownFileType = image.png; path = "8-3-80.png"; sourceTree = "<group>"; };
		C128276119CAC93E005AE832 /* n8-1.png */ = {isa = PBXFileReference; lastKnownFileType = image.png; path = "n8-1.png"; sourceTree = "<group>"; };
		C128276219CAC93E005AE832 /* n8-3.png */ = {isa = PBXFileReference; lastKnownFileType = image.png; path = "n8-3.png"; sourceTree = "<group>"; };
		C128276319CAC93E005AE832 /* n8-4.png */ = {isa = PBXFileReference; lastKnownFileType = image.png; path = "n8-4.png"; sourceTree = "<group>"; };
		C128276419CAC93E005AE832 /* n8-5.png */ = {isa = PBXFileReference; lastKnownFileType = image.png; path = "n8-5.png"; sourceTree = "<group>"; };
		C128276519CAC93E005AE832 /* n8-11.png */ = {isa = PBXFileReference; lastKnownFileType = image.png; path = "n8-11.png"; sourceTree = "<group>"; };
		C128276619CAC93E005AE832 /* n8-21.png */ = {isa = PBXFileReference; lastKnownFileType = image.png; path = "n8-21.png"; sourceTree = "<group>"; };
		C128276D19CACB0C005AE832 /* n8-331.png */ = {isa = PBXFileReference; lastKnownFileType = image.png; path = "n8-331.png"; sourceTree = "<group>"; };
		C128276E19CACB0C005AE832 /* n8-332.png */ = {isa = PBXFileReference; lastKnownFileType = image.png; path = "n8-332.png"; sourceTree = "<group>"; };
		C128276F19CACB0C005AE832 /* n8-333.png */ = {isa = PBXFileReference; lastKnownFileType = image.png; path = "n8-333.png"; sourceTree = "<group>"; };
		C128277019CACB0C005AE832 /* n8-334.png */ = {isa = PBXFileReference; lastKnownFileType = image.png; path = "n8-334.png"; sourceTree = "<group>"; };
		C128277119CACB0C005AE832 /* n8-335.png */ = {isa = PBXFileReference; lastKnownFileType = image.png; path = "n8-335.png"; sourceTree = "<group>"; };
		C128277719CACDC6005AE832 /* n7-9.png */ = {isa = PBXFileReference; lastKnownFileType = image.png; path = "n7-9.png"; sourceTree = "<group>"; };
		C128277819CACDC6005AE832 /* n7-10.png */ = {isa = PBXFileReference; lastKnownFileType = image.png; path = "n7-10.png"; sourceTree = "<group>"; };
		C128277B19CAD02A005AE832 /* n7-8.png */ = {isa = PBXFileReference; lastKnownFileType = image.png; path = "n7-8.png"; sourceTree = "<group>"; };
		C128277D19CAD334005AE832 /* n9-1.png */ = {isa = PBXFileReference; lastKnownFileType = image.png; path = "n9-1.png"; sourceTree = "<group>"; };
		C128277E19CAD334005AE832 /* n9-2.png */ = {isa = PBXFileReference; lastKnownFileType = image.png; path = "n9-2.png"; sourceTree = "<group>"; };
		C128278119CAD931005AE832 /* n7-11.png */ = {isa = PBXFileReference; lastKnownFileType = image.png; path = "n7-11.png"; sourceTree = "<group>"; };
		C134019819C7DA9C00D5A50D /* 1.png */ = {isa = PBXFileReference; lastKnownFileType = image.png; path = 1.png; sourceTree = "<group>"; };
		C134019919C7DA9C00D5A50D /* 114-2.png */ = {isa = PBXFileReference; lastKnownFileType = image.png; path = "114-2.png"; sourceTree = "<group>"; };
		C134019A19C7DA9C00D5A50D /* 512-2.png */ = {isa = PBXFileReference; lastKnownFileType = image.png; path = "512-2.png"; sourceTree = "<group>"; };
		C134019B19C7DA9C00D5A50D /* 1024.png */ = {isa = PBXFileReference; lastKnownFileType = image.png; path = 1024.png; sourceTree = "<group>"; };
		C13401A819C7E7AF00D5A50D /* 120-2.png */ = {isa = PBXFileReference; lastKnownFileType = image.png; path = "120-2.png"; sourceTree = "<group>"; };
		C13401F719C7EBF600D5A50D /* n3-4.png */ = {isa = PBXFileReference; lastKnownFileType = image.png; name = "n3-4.png"; path = "fanyhi_png/n3-4.png"; sourceTree = "<group>"; };
		C158D8AA19B93E77005A239A /* AutocompletionTableView.h */ = {isa = PBXFileReference; fileEncoding = 4; lastKnownFileType = sourcecode.c.h; path = AutocompletionTableView.h; sourceTree = "<group>"; };
		C158D8AB19B93E77005A239A /* AutocompletionTableView.m */ = {isa = PBXFileReference; fileEncoding = 4; lastKnownFileType = sourcecode.c.objc; path = AutocompletionTableView.m; sourceTree = "<group>"; };
		C158D8AD19B94283005A239A /* DetailViewController.h */ = {isa = PBXFileReference; fileEncoding = 4; lastKnownFileType = sourcecode.c.h; path = DetailViewController.h; sourceTree = "<group>"; };
		C158D8AE19B94283005A239A /* DetailViewController.m */ = {isa = PBXFileReference; fileEncoding = 4; lastKnownFileType = sourcecode.c.objc; path = DetailViewController.m; sourceTree = "<group>"; };
		C158D8B019B950FF005A239A /* WebViewController.h */ = {isa = PBXFileReference; fileEncoding = 4; lastKnownFileType = sourcecode.c.h; path = WebViewController.h; sourceTree = "<group>"; };
		C158D8B119B950FF005A239A /* WebViewController.m */ = {isa = PBXFileReference; fileEncoding = 4; lastKnownFileType = sourcecode.c.objc; path = WebViewController.m; sourceTree = "<group>"; };
		C158D8BF19B9A00F005A239A /* AllDicViewController.h */ = {isa = PBXFileReference; fileEncoding = 4; lastKnownFileType = sourcecode.c.h; path = AllDicViewController.h; sourceTree = "<group>"; };
		C158D8C019B9A00F005A239A /* AllDicViewController.m */ = {isa = PBXFileReference; fileEncoding = 4; lastKnownFileType = sourcecode.c.objc; path = AllDicViewController.m; sourceTree = "<group>"; };
		C158D8C119B9A00F005A239A /* AllWordsTableViewCell.h */ = {isa = PBXFileReference; fileEncoding = 4; lastKnownFileType = sourcecode.c.h; path = AllWordsTableViewCell.h; sourceTree = "<group>"; };
		C158D8C219B9A00F005A239A /* AllWordsTableViewCell.m */ = {isa = PBXFileReference; fileEncoding = 4; lastKnownFileType = sourcecode.c.objc; path = AllWordsTableViewCell.m; sourceTree = "<group>"; };
		C179EEE819C1473500CEC1C0 /* JHTickerView.h */ = {isa = PBXFileReference; fileEncoding = 4; lastKnownFileType = sourcecode.c.h; path = JHTickerView.h; sourceTree = "<group>"; };
		C179EEE919C1473500CEC1C0 /* JHTickerView.m */ = {isa = PBXFileReference; fileEncoding = 4; lastKnownFileType = sourcecode.c.objc; path = JHTickerView.m; sourceTree = "<group>"; };
		C1A5507C186BF2DF00C57211 /* StatisticsViewController.h */ = {isa = PBXFileReference; fileEncoding = 4; lastKnownFileType = sourcecode.c.h; path = StatisticsViewController.h; sourceTree = "<group>"; };
		C1A5507D186BF2DF00C57211 /* StatisticsViewController.m */ = {isa = PBXFileReference; fileEncoding = 4; lastKnownFileType = sourcecode.c.objc; path = StatisticsViewController.m; sourceTree = "<group>"; };
		C1A55082186BF57400C57211 /* StatisticsCell.h */ = {isa = PBXFileReference; fileEncoding = 4; lastKnownFileType = sourcecode.c.h; path = StatisticsCell.h; sourceTree = "<group>"; };
		C1A55083186BF57400C57211 /* StatisticsCell.m */ = {isa = PBXFileReference; fileEncoding = 4; lastKnownFileType = sourcecode.c.objc; path = StatisticsCell.m; sourceTree = "<group>"; };
		C1A55086186C264D00C57211 /* DictionaryViewController.h */ = {isa = PBXFileReference; fileEncoding = 4; lastKnownFileType = sourcecode.c.h; path = DictionaryViewController.h; sourceTree = "<group>"; };
		C1A55087186C264D00C57211 /* DictionaryViewController.m */ = {isa = PBXFileReference; fileEncoding = 4; lastKnownFileType = sourcecode.c.objc; path = DictionaryViewController.m; sourceTree = "<group>"; };
		C1ADE21D185EA5680054A346 /* Translation.app */ = {isa = PBXFileReference; explicitFileType = wrapper.application; includeInIndex = 0; path = Translation.app; sourceTree = BUILT_PRODUCTS_DIR; };
		C1ADE220185EA5680054A346 /* Foundation.framework */ = {isa = PBXFileReference; lastKnownFileType = wrapper.framework; name = Foundation.framework; path = System/Library/Frameworks/Foundation.framework; sourceTree = SDKROOT; };
		C1ADE222185EA5680054A346 /* CoreGraphics.framework */ = {isa = PBXFileReference; lastKnownFileType = wrapper.framework; name = CoreGraphics.framework; path = System/Library/Frameworks/CoreGraphics.framework; sourceTree = SDKROOT; };
		C1ADE224185EA5680054A346 /* UIKit.framework */ = {isa = PBXFileReference; lastKnownFileType = wrapper.framework; name = UIKit.framework; path = System/Library/Frameworks/UIKit.framework; sourceTree = SDKROOT; };
		C1ADE228185EA5680054A346 /* Translation-Info.plist */ = {isa = PBXFileReference; lastKnownFileType = text.plist.xml; path = "Translation-Info.plist"; sourceTree = "<group>"; };
		C1ADE22A185EA5680054A346 /* en */ = {isa = PBXFileReference; lastKnownFileType = text.plist.strings; name = en; path = en.lproj/InfoPlist.strings; sourceTree = "<group>"; };
		C1ADE22C185EA5680054A346 /* main.m */ = {isa = PBXFileReference; lastKnownFileType = sourcecode.c.objc; path = main.m; sourceTree = "<group>"; };
		C1ADE22E185EA5680054A346 /* Translation-Prefix.pch */ = {isa = PBXFileReference; lastKnownFileType = sourcecode.c.h; path = "Translation-Prefix.pch"; sourceTree = "<group>"; };
		C1ADE22F185EA5680054A346 /* AppDelegate.h */ = {isa = PBXFileReference; lastKnownFileType = sourcecode.c.h; path = AppDelegate.h; sourceTree = "<group>"; };
		C1ADE230185EA5680054A346 /* AppDelegate.m */ = {isa = PBXFileReference; lastKnownFileType = sourcecode.c.objc; path = AppDelegate.m; sourceTree = "<group>"; };
		C1ADE232185EA5680054A346 /* Images.xcassets */ = {isa = PBXFileReference; lastKnownFileType = folder.assetcatalog; path = Images.xcassets; sourceTree = "<group>"; };
		C1ADE238185EA5680054A346 /* TranslationTests.xctest */ = {isa = PBXFileReference; explicitFileType = wrapper.cfbundle; includeInIndex = 0; path = TranslationTests.xctest; sourceTree = BUILT_PRODUCTS_DIR; };
		C1ADE239185EA5680054A346 /* XCTest.framework */ = {isa = PBXFileReference; lastKnownFileType = wrapper.framework; name = XCTest.framework; path = Library/Frameworks/XCTest.framework; sourceTree = DEVELOPER_DIR; };
		C1ADE241185EA5680054A346 /* TranslationTests-Info.plist */ = {isa = PBXFileReference; lastKnownFileType = text.plist.xml; path = "TranslationTests-Info.plist"; sourceTree = "<group>"; };
		C1ADE243185EA5680054A346 /* en */ = {isa = PBXFileReference; lastKnownFileType = text.plist.strings; name = en; path = en.lproj/InfoPlist.strings; sourceTree = "<group>"; };
		C1ADE245185EA5680054A346 /* TranslationTests.m */ = {isa = PBXFileReference; lastKnownFileType = sourcecode.c.objc; path = TranslationTests.m; sourceTree = "<group>"; };
		C1ADE250185EA66D0054A346 /* Tools.h */ = {isa = PBXFileReference; fileEncoding = 4; lastKnownFileType = sourcecode.c.h; path = Tools.h; sourceTree = "<group>"; };
		C1ADE253185EA8670054A346 /* SelectModeViewController.h */ = {isa = PBXFileReference; fileEncoding = 4; lastKnownFileType = sourcecode.c.h; path = SelectModeViewController.h; sourceTree = "<group>"; };
		C1ADE254185EA8670054A346 /* SelectModeViewController.m */ = {isa = PBXFileReference; fileEncoding = 4; lastKnownFileType = sourcecode.c.objc; path = SelectModeViewController.m; sourceTree = "<group>"; };
		C1ADE25B185EAC5B0054A346 /* Config.h */ = {isa = PBXFileReference; fileEncoding = 4; lastKnownFileType = sourcecode.c.h; path = Config.h; sourceTree = "<group>"; };
		C1ADE260185EAFAF0054A346 /* GamePointsViewController.h */ = {isa = PBXFileReference; fileEncoding = 4; lastKnownFileType = sourcecode.c.h; path = GamePointsViewController.h; sourceTree = "<group>"; };
		C1ADE261185EAFAF0054A346 /* GamePointsViewController.m */ = {isa = PBXFileReference; fileEncoding = 4; lastKnownFileType = sourcecode.c.objc; path = GamePointsViewController.m; sourceTree = "<group>"; };
		C1ADE263185EC4DC0054A346 /* PointsCell.h */ = {isa = PBXFileReference; fileEncoding = 4; lastKnownFileType = sourcecode.c.h; path = PointsCell.h; sourceTree = "<group>"; };
		C1ADE264185EC4DC0054A346 /* PointsCell.m */ = {isa = PBXFileReference; fileEncoding = 4; lastKnownFileType = sourcecode.c.objc; path = PointsCell.m; sourceTree = "<group>"; };
		C1ADE266185EE2FE0054A346 /* PointsTaskViewController.h */ = {isa = PBXFileReference; fileEncoding = 4; lastKnownFileType = sourcecode.c.h; path = PointsTaskViewController.h; sourceTree = "<group>"; };
		C1ADE267185EE2FE0054A346 /* PointsTaskViewController.m */ = {isa = PBXFileReference; fileEncoding = 4; lastKnownFileType = sourcecode.c.objc; path = PointsTaskViewController.m; sourceTree = "<group>"; };
		C1ADE269185EF3BE0054A346 /* GameScreenViewController.h */ = {isa = PBXFileReference; fileEncoding = 4; lastKnownFileType = sourcecode.c.h; path = GameScreenViewController.h; sourceTree = "<group>"; };
		C1ADE26A185EF3BE0054A346 /* GameScreenViewController.m */ = {isa = PBXFileReference; fileEncoding = 4; lastKnownFileType = sourcecode.c.objc; path = GameScreenViewController.m; sourceTree = "<group>"; };
		C1ADE26C185F016A0054A346 /* QuartzCore.framework */ = {isa = PBXFileReference; lastKnownFileType = wrapper.framework; name = QuartzCore.framework; path = System/Library/Frameworks/QuartzCore.framework; sourceTree = SDKROOT; };
		C1B980E41861A59100730C4A /* libsqlite3.dylib */ = {isa = PBXFileReference; lastKnownFileType = "compiled.mach-o.dylib"; name = libsqlite3.dylib; path = usr/lib/libsqlite3.dylib; sourceTree = SDKROOT; };
		C1B980E71861A6CB00730C4A /* FMDatabase.h */ = {isa = PBXFileReference; fileEncoding = 4; lastKnownFileType = sourcecode.c.h; path = FMDatabase.h; sourceTree = "<group>"; };
		C1B980E81861A6CB00730C4A /* FMDatabase.m */ = {isa = PBXFileReference; fileEncoding = 4; lastKnownFileType = sourcecode.c.objc; path = FMDatabase.m; sourceTree = "<group>"; };
		C1B980E91861A6CB00730C4A /* FMDatabaseAdditions.h */ = {isa = PBXFileReference; fileEncoding = 4; lastKnownFileType = sourcecode.c.h; path = FMDatabaseAdditions.h; sourceTree = "<group>"; };
		C1B980EA1861A6CB00730C4A /* FMDatabaseAdditions.m */ = {isa = PBXFileReference; fileEncoding = 4; lastKnownFileType = sourcecode.c.objc; path = FMDatabaseAdditions.m; sourceTree = "<group>"; };
		C1B980EB1861A6CB00730C4A /* FMDatabasePool.h */ = {isa = PBXFileReference; fileEncoding = 4; lastKnownFileType = sourcecode.c.h; path = FMDatabasePool.h; sourceTree = "<group>"; };
		C1B980EC1861A6CB00730C4A /* FMDatabasePool.m */ = {isa = PBXFileReference; fileEncoding = 4; lastKnownFileType = sourcecode.c.objc; path = FMDatabasePool.m; sourceTree = "<group>"; };
		C1B980ED1861A6CB00730C4A /* FMDatabaseQueue.h */ = {isa = PBXFileReference; fileEncoding = 4; lastKnownFileType = sourcecode.c.h; path = FMDatabaseQueue.h; sourceTree = "<group>"; };
		C1B980EE1861A6CB00730C4A /* FMDatabaseQueue.m */ = {isa = PBXFileReference; fileEncoding = 4; lastKnownFileType = sourcecode.c.objc; path = FMDatabaseQueue.m; sourceTree = "<group>"; };
		C1B980F01861A6CB00730C4A /* FMResultSet.h */ = {isa = PBXFileReference; fileEncoding = 4; lastKnownFileType = sourcecode.c.h; path = FMResultSet.h; sourceTree = "<group>"; };
		C1B980F11861A6CB00730C4A /* FMResultSet.m */ = {isa = PBXFileReference; fileEncoding = 4; lastKnownFileType = sourcecode.c.objc; path = FMResultSet.m; sourceTree = "<group>"; };
/* End PBXFileReference section */

/* Begin PBXFrameworksBuildPhase section */
		C1ADE21A185EA5680054A346 /* Frameworks */ = {
			isa = PBXFrameworksBuildPhase;
			buildActionMask = 2147483647;
			files = (
				C1B980E51861A59100730C4A /* libsqlite3.dylib in Frameworks */,
				C1ADE26D185F016A0054A346 /* QuartzCore.framework in Frameworks */,
				C1ADE223185EA5680054A346 /* CoreGraphics.framework in Frameworks */,
				C1ADE225185EA5680054A346 /* UIKit.framework in Frameworks */,
				C1ADE221185EA5680054A346 /* Foundation.framework in Frameworks */,
			);
			runOnlyForDeploymentPostprocessing = 0;
		};
		C1ADE235185EA5680054A346 /* Frameworks */ = {
			isa = PBXFrameworksBuildPhase;
			buildActionMask = 2147483647;
			files = (
				C1ADE23A185EA5680054A346 /* XCTest.framework in Frameworks */,
				C1ADE23C185EA5680054A346 /* UIKit.framework in Frameworks */,
				C1ADE23B185EA5680054A346 /* Foundation.framework in Frameworks */,
			);
			runOnlyForDeploymentPostprocessing = 0;
		};
/* End PBXFrameworksBuildPhase section */

/* Begin PBXGroup section */
		C134019719C7DA2500D5A50D /* 新图标 */ = {
			isa = PBXGroup;
			children = (
				C134019819C7DA9C00D5A50D /* 1.png */,
				C134019919C7DA9C00D5A50D /* 114-2.png */,
				C134019A19C7DA9C00D5A50D /* 512-2.png */,
				C134019B19C7DA9C00D5A50D /* 1024.png */,
				C13401A819C7E7AF00D5A50D /* 120-2.png */,
				C128274519CAB8FE005AE832 /* nbg.png */,
				C128275319CAC1EB005AE832 /* n8-2.png */,
				C128274719CAB9D0005AE832 /* n2-1.png */,
				C128274819CAB9D0005AE832 /* n2-2.png */,
				C128277B19CAD02A005AE832 /* n7-8.png */,
				C128274919CAB9D0005AE832 /* n2-3.png */,
				C128277719CACDC6005AE832 /* n7-9.png */,
				C128277819CACDC6005AE832 /* n7-10.png */,
				C128274A19CAB9D0005AE832 /* n2-4.png */,
				C128274F19CABB4D005AE832 /* n4-21.png */,
				C128276D19CACB0C005AE832 /* n8-331.png */,
				C128276E19CACB0C005AE832 /* n8-332.png */,
				C128276F19CACB0C005AE832 /* n8-333.png */,
				C128277019CACB0C005AE832 /* n8-334.png */,
				C128277119CACB0C005AE832 /* n8-335.png */,
				C128275F19CAC6E1005AE832 /* 8-3-80.png */,
				C128275D19CAC49F005AE832 /* n8-7.png */,
				C128276119CAC93E005AE832 /* n8-1.png */,
				C128278119CAD931005AE832 /* n7-11.png */,
				C128277D19CAD334005AE832 /* n9-1.png */,
				C128277E19CAD334005AE832 /* n9-2.png */,
				C128276219CAC93E005AE832 /* n8-3.png */,
				C128276319CAC93E005AE832 /* n8-4.png */,
				C128276419CAC93E005AE832 /* n8-5.png */,
				C128276519CAC93E005AE832 /* n8-11.png */,
				C128276619CAC93E005AE832 /* n8-21.png */,
				C128275119CABFE2005AE832 /* n4-1.png */,
				C13401F719C7EBF600D5A50D /* n3-4.png */,
				919FBEDF1B96ED4A0004EFFF /* Default.png */,
				919FBEE11B96ED6E0004EFFF /* Default-568h@2x.png */,
				919FBEE31B96ED870004EFFF /* Default~iphone.png */,
			);
			path = "新图标";
			sourceTree = "<group>";
		};
		C1A5507F186BF4A600C57211 /* RemberMode */ = {
			isa = PBXGroup;
			children = (
				C127349E18697CAD003D1C24 /* RemenberScreenViewController.h */,
				C127349F18697CAD003D1C24 /* RemenberScreenViewController.m */,
				913D25F21BA026C700E88C7E /* RemenberScreenNewViewController.h */,
				913D25F31BA026C700E88C7E /* RemenberScreenNewViewController.m */,
				913D25F41BA026C700E88C7E /* RemenberScreenNewViewController.xib */,
			);
			name = RemberMode;
			sourceTree = "<group>";
		};
		C1A55080186BF4C400C57211 /* Common */ = {
			isa = PBXGroup;
			children = (
				C1ADE250185EA66D0054A346 /* Tools.h */,
				C1ADE25B185EAC5B0054A346 /* Config.h */,
				C1ADE253185EA8670054A346 /* SelectModeViewController.h */,
				C1ADE254185EA8670054A346 /* SelectModeViewController.m */,
				919FBEE71B96FBB10004EFFF /* SelectModeNewViewController.h */,
				919FBEE81B96FBB10004EFFF /* SelectModeNewViewController.m */,
				919FBEE91B96FBB10004EFFF /* SelectModeNewViewController.xib */,
				C1ADE260185EAFAF0054A346 /* GamePointsViewController.h */,
				C1ADE261185EAFAF0054A346 /* GamePointsViewController.m */,
				91A2ED6B1B980E2400EDCDA1 /* GamePointsNewViewController.h */,
				91A2ED6C1B980E2400EDCDA1 /* GamePointsNewViewController.m */,
				91A2ED7C1B98286E00EDCDA1 /* GameCollectionViewCell.h */,
				91A2ED7D1B98286E00EDCDA1 /* GameCollectionViewCell.m */,
				9185C88B1B992DAB00B1BD23 /* THCircularProgressView.h */,
				9185C88C1B992DAB00B1BD23 /* THCircularProgressView.m */,
				91A2478F1B9D22F400E5659D /* PointTaskNewViewController.h */,
				91A247901B9D22F400E5659D /* PointTaskNewViewController.m */,
				91A247911B9D22F400E5659D /* PointTaskNewViewController.xib */,
				911A8C2E1B9ED6DC00F807FF /* TitleView.h */,
				911A8C2F1B9ED6DC00F807FF /* TitleView.m */,
				911A8C311B9ED6F300F807FF /* TitleView.xib */,
				91A247941B9D361900E5659D /* PointTaskTableViewCell.h */,
				91A247951B9D361900E5659D /* PointTaskTableViewCell.m */,
				C1ADE266185EE2FE0054A346 /* PointsTaskViewController.h */,
				C1ADE267185EE2FE0054A346 /* PointsTaskViewController.m */,
			);
			name = Common;
			sourceTree = "<group>";
		};
		C1A55081186BF50200C57211 /* StatisticsMode */ = {
			isa = PBXGroup;
			children = (
				C1A5507C186BF2DF00C57211 /* StatisticsViewController.h */,
				C1A5507D186BF2DF00C57211 /* StatisticsViewController.m */,
				91A2ED841B9837DD00EDCDA1 /* StatisticsNewViewController.h */,
				91A2ED851B9837DD00EDCDA1 /* StatisticsNewViewController.m */,
				91A2ED861B9837DD00EDCDA1 /* StatisticsNewViewController.xib */,
				91A2ED891B98467700EDCDA1 /* StatisticsTableViewCell.h */,
				91A2ED8A1B98467700EDCDA1 /* StatisticsTableViewCell.m */,
				C158D8AD19B94283005A239A /* DetailViewController.h */,
				C158D8AE19B94283005A239A /* DetailViewController.m */,
				91F669E41BA95D6600CC796C /* DetailWordViewController.h */,
				91F669E51BA95D6600CC796C /* DetailWordViewController.m */,
				91F669E61BA95D6600CC796C /* DetailWordViewController.xib */,
				C158D8B019B950FF005A239A /* WebViewController.h */,
				C158D8B119B950FF005A239A /* WebViewController.m */,
				C1A55082186BF57400C57211 /* StatisticsCell.h */,
				C1A55083186BF57400C57211 /* StatisticsCell.m */,
			);
			name = StatisticsMode;
			sourceTree = "<group>";
		};
		C1A55085186C261800C57211 /* DictionaryMode */ = {
			isa = PBXGroup;
			children = (
				C1A55086186C264D00C57211 /* DictionaryViewController.h */,
				C1A55087186C264D00C57211 /* DictionaryViewController.m */,
				9135A5161BA15B7000DB10C7 /* DictionaryNewViewController.h */,
				9135A5171BA15B7000DB10C7 /* DictionaryNewViewController.m */,
				9135A5181BA15B7000DB10C7 /* DictionaryNewViewController.xib */,
				9135A5231BA16CAB00DB10C7 /* SearchView.h */,
				9135A5241BA16CAB00DB10C7 /* SearchView.m */,
				9135A5211BA164DE00DB10C7 /* SearchView.xib */,
				9135A51E1BA1622C00DB10C7 /* AllWordsView.h */,
				9135A51F1BA1622C00DB10C7 /* AllWordsView.m */,
				912FEEA61BA2627600D2D8F2 /* AllWordsView.xib */,
				C158D8AA19B93E77005A239A /* AutocompletionTableView.h */,
				C158D8AB19B93E77005A239A /* AutocompletionTableView.m */,
				C158D8BF19B9A00F005A239A /* AllDicViewController.h */,
				C158D8C019B9A00F005A239A /* AllDicViewController.m */,
				C158D8C119B9A00F005A239A /* AllWordsTableViewCell.h */,
				C158D8C219B9A00F005A239A /* AllWordsTableViewCell.m */,
			);
			name = DictionaryMode;
			sourceTree = "<group>";
		};
		C1ADE214185EA5680054A346 = {
			isa = PBXGroup;
			children = (
				C1B980CF18619D9500730C4A /* Library */,
				C1ADE226185EA5680054A346 /* Translation */,
				C1ADE23F185EA5680054A346 /* TranslationTests */,
				C1ADE21F185EA5680054A346 /* Frameworks */,
				C1ADE21E185EA5680054A346 /* Products */,
			);
			sourceTree = "<group>";
		};
		C1ADE21E185EA5680054A346 /* Products */ = {
			isa = PBXGroup;
			children = (
				C1ADE21D185EA5680054A346 /* Translation.app */,
				C1ADE238185EA5680054A346 /* TranslationTests.xctest */,
			);
			name = Products;
			sourceTree = "<group>";
		};
		C1ADE21F185EA5680054A346 /* Frameworks */ = {
			isa = PBXGroup;
			children = (
				C1B980E41861A59100730C4A /* libsqlite3.dylib */,
				C1ADE26C185F016A0054A346 /* QuartzCore.framework */,
				C1ADE220185EA5680054A346 /* Foundation.framework */,
				C1ADE222185EA5680054A346 /* CoreGraphics.framework */,
				C1ADE224185EA5680054A346 /* UIKit.framework */,
				C1ADE239185EA5680054A346 /* XCTest.framework */,
			);
			name = Frameworks;
			sourceTree = "<group>";
		};
		C1ADE226185EA5680054A346 /* Translation */ = {
			isa = PBXGroup;
			children = (
				C1ADE22F185EA5680054A346 /* AppDelegate.h */,
				C1ADE230185EA5680054A346 /* AppDelegate.m */,
				C1A55080186BF4C400C57211 /* Common */,
				C1A55081186BF50200C57211 /* StatisticsMode */,
				C1ADE25F185EAF2A0054A346 /* GameMode */,
				C1A5507F186BF4A600C57211 /* RemberMode */,
				C1A55085186C261800C57211 /* DictionaryMode */,
				C1ADE232185EA5680054A346 /* Images.xcassets */,
				C134019719C7DA2500D5A50D /* 新图标 */,
				C1ADE227185EA5680054A346 /* Supporting Files */,
			);
			path = Translation;
			sourceTree = "<group>";
		};
		C1ADE227185EA5680054A346 /* Supporting Files */ = {
			isa = PBXGroup;
			children = (
				C1ADE228185EA5680054A346 /* Translation-Info.plist */,
				91A247971B9D746000E5659D /* translation.sqlite */,
				C1ADE229185EA5680054A346 /* InfoPlist.strings */,
				C1ADE22C185EA5680054A346 /* main.m */,
				C1ADE22E185EA5680054A346 /* Translation-Prefix.pch */,
			);
			name = "Supporting Files";
			sourceTree = "<group>";
		};
		C1ADE23F185EA5680054A346 /* TranslationTests */ = {
			isa = PBXGroup;
			children = (
				C1ADE240185EA5680054A346 /* Supporting Files */,
				C1ADE245185EA5680054A346 /* TranslationTests.m */,
			);
			path = TranslationTests;
			sourceTree = "<group>";
		};
		C1ADE240185EA5680054A346 /* Supporting Files */ = {
			isa = PBXGroup;
			children = (
				C1ADE241185EA5680054A346 /* TranslationTests-Info.plist */,
				C1ADE242185EA5680054A346 /* InfoPlist.strings */,
			);
			name = "Supporting Files";
			path = TranslationTests;
			sourceTree = SOURCE_ROOT;
		};
		C1ADE25F185EAF2A0054A346 /* GameMode */ = {
			isa = PBXGroup;
			children = (
				C1ADE269185EF3BE0054A346 /* GameScreenViewController.h */,
				C1ADE26A185EF3BE0054A346 /* GameScreenViewController.m */,
				91A247991B9D7B9100E5659D /* GameScreenNewViewController.h */,
				91A2479A1B9D7B9100E5659D /* GameScreenNewViewController.m */,
				91A2479B1B9D7B9100E5659D /* GameScreenNewViewController.xib */,
				C1ADE263185EC4DC0054A346 /* PointsCell.h */,
				C1ADE264185EC4DC0054A346 /* PointsCell.m */,
				C179EEE819C1473500CEC1C0 /* JHTickerView.h */,
				C179EEE919C1473500CEC1C0 /* JHTickerView.m */,
			);
			name = GameMode;
			sourceTree = "<group>";
		};
		C1B980CF18619D9500730C4A /* Library */ = {
			isa = PBXGroup;
			children = (
				C1B980E61861A6CA00730C4A /* FMDB */,
			);
			name = Library;
			path = Translation/Library;
			sourceTree = "<group>";
		};
		C1B980E61861A6CA00730C4A /* FMDB */ = {
			isa = PBXGroup;
			children = (
				C1B980E71861A6CB00730C4A /* FMDatabase.h */,
				C1B980E81861A6CB00730C4A /* FMDatabase.m */,
				C1B980E91861A6CB00730C4A /* FMDatabaseAdditions.h */,
				C1B980EA1861A6CB00730C4A /* FMDatabaseAdditions.m */,
				C1B980EB1861A6CB00730C4A /* FMDatabasePool.h */,
				C1B980EC1861A6CB00730C4A /* FMDatabasePool.m */,
				C1B980ED1861A6CB00730C4A /* FMDatabaseQueue.h */,
				C1B980EE1861A6CB00730C4A /* FMDatabaseQueue.m */,
				C1B980F01861A6CB00730C4A /* FMResultSet.h */,
				C1B980F11861A6CB00730C4A /* FMResultSet.m */,
			);
			path = FMDB;
			sourceTree = "<group>";
		};
/* End PBXGroup section */

/* Begin PBXNativeTarget section */
		C1ADE21C185EA5680054A346 /* Translation */ = {
			isa = PBXNativeTarget;
			buildConfigurationList = C1ADE249185EA5680054A346 /* Build configuration list for PBXNativeTarget "Translation" */;
			buildPhases = (
				C1ADE219185EA5680054A346 /* Sources */,
				C1ADE21A185EA5680054A346 /* Frameworks */,
				C1ADE21B185EA5680054A346 /* Resources */,
			);
			buildRules = (
			);
			dependencies = (
			);
			name = Translation;
			productName = Translation;
			productReference = C1ADE21D185EA5680054A346 /* Translation.app */;
			productType = "com.apple.product-type.application";
		};
		C1ADE237185EA5680054A346 /* TranslationTests */ = {
			isa = PBXNativeTarget;
			buildConfigurationList = C1ADE24C185EA5680054A346 /* Build configuration list for PBXNativeTarget "TranslationTests" */;
			buildPhases = (
				C1ADE234185EA5680054A346 /* Sources */,
				C1ADE235185EA5680054A346 /* Frameworks */,
				C1ADE236185EA5680054A346 /* Resources */,
			);
			buildRules = (
			);
			dependencies = (
				C1ADE23E185EA5680054A346 /* PBXTargetDependency */,
			);
			name = TranslationTests;
			productName = TranslationTests;
			productReference = C1ADE238185EA5680054A346 /* TranslationTests.xctest */;
			productType = "com.apple.product-type.bundle.unit-test";
		};
/* End PBXNativeTarget section */

/* Begin PBXProject section */
		C1ADE215185EA5680054A346 /* Project object */ = {
			isa = PBXProject;
			attributes = {
				LastUpgradeCheck = 0500;
				ORGANIZATIONNAME = monstar;
				TargetAttributes = {
					C1ADE21C185EA5680054A346 = {
						DevelopmentTeam = 65MP5XFERE;
					};
					C1ADE237185EA5680054A346 = {
						TestTargetID = C1ADE21C185EA5680054A346;
					};
				};
			};
			buildConfigurationList = C1ADE218185EA5680054A346 /* Build configuration list for PBXProject "Translation" */;
			compatibilityVersion = "Xcode 3.2";
			developmentRegion = English;
			hasScannedForEncodings = 0;
			knownRegions = (
				en,
			);
			mainGroup = C1ADE214185EA5680054A346;
			productRefGroup = C1ADE21E185EA5680054A346 /* Products */;
			projectDirPath = "";
			projectRoot = "";
			targets = (
				C1ADE21C185EA5680054A346 /* Translation */,
				C1ADE237185EA5680054A346 /* TranslationTests */,
			);
		};
/* End PBXProject section */

/* Begin PBXResourcesBuildPhase section */
		C1ADE21B185EA5680054A346 /* Resources */ = {
			isa = PBXResourcesBuildPhase;
			buildActionMask = 2147483647;
			files = (
				C128276019CAC6E1005AE832 /* 8-3-80.png in Resources */,
				91F669E81BA95D6600CC796C /* DetailWordViewController.xib in Resources */,
				91A2ED881B9837DD00EDCDA1 /* StatisticsNewViewController.xib in Resources */,
				C134019C19C7DA9C00D5A50D /* 1.png in Resources */,
				C128274C19CAB9D0005AE832 /* n2-2.png in Resources */,
				C128277419CACB0C005AE832 /* n8-333.png in Resources */,
				C128277F19CAD334005AE832 /* n9-1.png in Resources */,
				913D25F61BA026C700E88C7E /* RemenberScreenNewViewController.xib in Resources */,
				C128277219CACB0C005AE832 /* n8-331.png in Resources */,
				919FBEEB1B96FBB10004EFFF /* SelectModeNewViewController.xib in Resources */,
				C128275419CAC1EB005AE832 /* n8-2.png in Resources */,
				91A247981B9D746000E5659D /* translation.sqlite in Resources */,
				9135A51A1BA15B7000DB10C7 /* DictionaryNewViewController.xib in Resources */,
				C128276719CAC93E005AE832 /* n8-1.png in Resources */,
				C128276C19CAC93E005AE832 /* n8-21.png in Resources */,
				C128274D19CAB9D0005AE832 /* n2-3.png in Resources */,
				919FBEE01B96ED4A0004EFFF /* Default.png in Resources */,
				C134019E19C7DA9C00D5A50D /* 512-2.png in Resources */,
				C128277A19CACDC6005AE832 /* n7-10.png in Resources */,
				C128275019CABB4D005AE832 /* n4-21.png in Resources */,
				C1ADE22B185EA5680054A346 /* InfoPlist.strings in Resources */,
				C134020E19C7EBF600D5A50D /* n3-4.png in Resources */,
				C128277C19CAD02A005AE832 /* n7-8.png in Resources */,
				C128274E19CAB9D0005AE832 /* n2-4.png in Resources */,
				C134019F19C7DA9C00D5A50D /* 1024.png in Resources */,
				919FBEE41B96ED870004EFFF /* Default~iphone.png in Resources */,
				91A247931B9D22F400E5659D /* PointTaskNewViewController.xib in Resources */,
				C128278019CAD334005AE832 /* n9-2.png in Resources */,
				C128277319CACB0C005AE832 /* n8-332.png in Resources */,
				C1ADE233185EA5680054A346 /* Images.xcassets in Resources */,
				C134019D19C7DA9C00D5A50D /* 114-2.png in Resources */,
				919FBEE21B96ED6E0004EFFF /* Default-568h@2x.png in Resources */,
				C13401A919C7E7AF00D5A50D /* 120-2.png in Resources */,
				C128276819CAC93E005AE832 /* n8-3.png in Resources */,
				C128277919CACDC6005AE832 /* n7-9.png in Resources */,
				C128274619CAB8FE005AE832 /* nbg.png in Resources */,
				C128277619CACB0C005AE832 /* n8-335.png in Resources */,
				912FEEA71BA2627600D2D8F2 /* AllWordsView.xib in Resources */,
				C128277519CACB0C005AE832 /* n8-334.png in Resources */,
				911A8C321B9ED6F300F807FF /* TitleView.xib in Resources */,
				C128276B19CAC93E005AE832 /* n8-11.png in Resources */,
				C128274B19CAB9D0005AE832 /* n2-1.png in Resources */,
				C128278219CAD931005AE832 /* n7-11.png in Resources */,
				C128276919CAC93E005AE832 /* n8-4.png in Resources */,
				C128275E19CAC49F005AE832 /* n8-7.png in Resources */,
				C128276A19CAC93E005AE832 /* n8-5.png in Resources */,
				C128275219CABFE2005AE832 /* n4-1.png in Resources */,
				91A2479D1B9D7B9100E5659D /* GameScreenNewViewController.xib in Resources */,
				9135A5221BA164DE00DB10C7 /* SearchView.xib in Resources */,
			);
			runOnlyForDeploymentPostprocessing = 0;
		};
		C1ADE236185EA5680054A346 /* Resources */ = {
			isa = PBXResourcesBuildPhase;
			buildActionMask = 2147483647;
			files = (
				C1ADE244185EA5680054A346 /* InfoPlist.strings in Resources */,
			);
			runOnlyForDeploymentPostprocessing = 0;
		};
/* End PBXResourcesBuildPhase section */

/* Begin PBXSourcesBuildPhase section */
		C1ADE219185EA5680054A346 /* Sources */ = {
			isa = PBXSourcesBuildPhase;
			buildActionMask = 2147483647;
			files = (
				9135A5251BA16CAB00DB10C7 /* SearchView.m in Sources */,
				C158D8AC19B93E77005A239A /* AutocompletionTableView.m in Sources */,
				913D25F51BA026C700E88C7E /* RemenberScreenNewViewController.m in Sources */,
				C158D8C319B9A00F005A239A /* AllDicViewController.m in Sources */,
				C1A5507E186BF2DF00C57211 /* StatisticsViewController.m in Sources */,
				911A8C301B9ED6DC00F807FF /* TitleView.m in Sources */,
				C158D8B219B950FF005A239A /* WebViewController.m in Sources */,
				91A2479C1B9D7B9100E5659D /* GameScreenNewViewController.m in Sources */,
				C158D8C419B9A00F005A239A /* AllWordsTableViewCell.m in Sources */,
				C1B980F71861A6CB00730C4A /* FMResultSet.m in Sources */,
				C1ADE265185EC4DC0054A346 /* PointsCell.m in Sources */,
				91A247961B9D361900E5659D /* PointTaskTableViewCell.m in Sources */,
				C1ADE262185EAFAF0054A346 /* GamePointsViewController.m in Sources */,
				91A2ED7E1B98286E00EDCDA1 /* GameCollectionViewCell.m in Sources */,
				91A2ED6D1B980E2400EDCDA1 /* GamePointsNewViewController.m in Sources */,
				C1B980F21861A6CB00730C4A /* FMDatabase.m in Sources */,
				C1ADE255185EA8670054A346 /* SelectModeViewController.m in Sources */,
				9185C88D1B992DAB00B1BD23 /* THCircularProgressView.m in Sources */,
				91F669E71BA95D6600CC796C /* DetailWordViewController.m in Sources */,
				9135A5191BA15B7000DB10C7 /* DictionaryNewViewController.m in Sources */,
				91A2ED871B9837DD00EDCDA1 /* StatisticsNewViewController.m in Sources */,
				C12734A018697CAD003D1C24 /* RemenberScreenViewController.m in Sources */,
				919FBEEA1B96FBB10004EFFF /* SelectModeNewViewController.m in Sources */,
				C1B980F51861A6CB00730C4A /* FMDatabaseQueue.m in Sources */,
				C1B980F41861A6CB00730C4A /* FMDatabasePool.m in Sources */,
				9135A5201BA1622C00DB10C7 /* AllWordsView.m in Sources */,
				C1ADE268185EE2FE0054A346 /* PointsTaskViewController.m in Sources */,
				C158D8AF19B94283005A239A /* DetailViewController.m in Sources */,
				C1A55088186C264D00C57211 /* DictionaryViewController.m in Sources */,
				C1ADE231185EA5680054A346 /* AppDelegate.m in Sources */,
				91A2ED8B1B98467700EDCDA1 /* StatisticsTableViewCell.m in Sources */,
				C1ADE22D185EA5680054A346 /* main.m in Sources */,
				C179EEEA19C1473500CEC1C0 /* JHTickerView.m in Sources */,
				C1ADE26B185EF3BE0054A346 /* GameScreenViewController.m in Sources */,
				C1A55084186BF57400C57211 /* StatisticsCell.m in Sources */,
				91A247921B9D22F400E5659D /* PointTaskNewViewController.m in Sources */,
				C1B980F31861A6CB00730C4A /* FMDatabaseAdditions.m in Sources */,
			);
			runOnlyForDeploymentPostprocessing = 0;
		};
		C1ADE234185EA5680054A346 /* Sources */ = {
			isa = PBXSourcesBuildPhase;
			buildActionMask = 2147483647;
			files = (
				C1ADE246185EA5680054A346 /* TranslationTests.m in Sources */,
			);
			runOnlyForDeploymentPostprocessing = 0;
		};
/* End PBXSourcesBuildPhase section */

/* Begin PBXTargetDependency section */
		C1ADE23E185EA5680054A346 /* PBXTargetDependency */ = {
			isa = PBXTargetDependency;
			target = C1ADE21C185EA5680054A346 /* Translation */;
			targetProxy = C1ADE23D185EA5680054A346 /* PBXContainerItemProxy */;
		};
/* End PBXTargetDependency section */

/* Begin PBXVariantGroup section */
		C1ADE229185EA5680054A346 /* InfoPlist.strings */ = {
			isa = PBXVariantGroup;
			children = (
				C1ADE22A185EA5680054A346 /* en */,
			);
			name = InfoPlist.strings;
			sourceTree = "<group>";
		};
		C1ADE242185EA5680054A346 /* InfoPlist.strings */ = {
			isa = PBXVariantGroup;
			children = (
				C1ADE243185EA5680054A346 /* en */,
			);
			name = InfoPlist.strings;
			sourceTree = "<group>";
		};
/* End PBXVariantGroup section */

/* Begin XCBuildConfiguration section */
		C1ADE247185EA5680054A346 /* Debug */ = {
			isa = XCBuildConfiguration;
			buildSettings = {
				ALWAYS_SEARCH_USER_PATHS = NO;
				ARCHS = "$(ARCHS_STANDARD_INCLUDING_64_BIT)";
				CLANG_CXX_LANGUAGE_STANDARD = "gnu++0x";
				CLANG_CXX_LIBRARY = "libc++";
				CLANG_ENABLE_MODULES = YES;
				CLANG_ENABLE_OBJC_ARC = YES;
				CLANG_WARN_BOOL_CONVERSION = YES;
				CLANG_WARN_CONSTANT_CONVERSION = YES;
				CLANG_WARN_DIRECT_OBJC_ISA_USAGE = YES_ERROR;
				CLANG_WARN_EMPTY_BODY = YES;
				CLANG_WARN_ENUM_CONVERSION = YES;
				CLANG_WARN_INT_CONVERSION = YES;
				CLANG_WARN_OBJC_ROOT_CLASS = YES_ERROR;
				CLANG_WARN__DUPLICATE_METHOD_MATCH = YES;
				CODE_SIGN_IDENTITY = "iPhone Developer: HAITAO LIU (QR5QJ6EUWP)";
				"CODE_SIGN_IDENTITY[sdk=iphoneos*]" = "iPhone Developer: HAITAO LIU (QR5QJ6EUWP)";
				COPY_PHASE_STRIP = NO;
				GCC_C_LANGUAGE_STANDARD = gnu99;
				GCC_DYNAMIC_NO_PIC = NO;
				GCC_OPTIMIZATION_LEVEL = 0;
				GCC_PREPROCESSOR_DEFINITIONS = (
					"DEBUG=1",
					"$(inherited)",
				);
				GCC_SYMBOLS_PRIVATE_EXTERN = NO;
				GCC_WARN_64_TO_32_BIT_CONVERSION = YES;
				GCC_WARN_ABOUT_RETURN_TYPE = YES_ERROR;
				GCC_WARN_UNDECLARED_SELECTOR = YES;
				GCC_WARN_UNINITIALIZED_AUTOS = YES;
				GCC_WARN_UNUSED_FUNCTION = YES;
				GCC_WARN_UNUSED_VARIABLE = YES;
				IPHONEOS_DEPLOYMENT_TARGET = 6.1;
				ONLY_ACTIVE_ARCH = YES;
				PROVISIONING_PROFILE = "2f33be47-2821-4feb-8ea3-3e96b05c9dab";
				SDKROOT = iphoneos;
				TARGETED_DEVICE_FAMILY = "1,2";
			};
			name = Debug;
		};
		C1ADE248185EA5680054A346 /* Release */ = {
			isa = XCBuildConfiguration;
			buildSettings = {
				ALWAYS_SEARCH_USER_PATHS = NO;
				ARCHS = "$(ARCHS_STANDARD_INCLUDING_64_BIT)";
				CLANG_CXX_LANGUAGE_STANDARD = "gnu++0x";
				CLANG_CXX_LIBRARY = "libc++";
				CLANG_ENABLE_MODULES = YES;
				CLANG_ENABLE_OBJC_ARC = YES;
				CLANG_WARN_BOOL_CONVERSION = YES;
				CLANG_WARN_CONSTANT_CONVERSION = YES;
				CLANG_WARN_DIRECT_OBJC_ISA_USAGE = YES_ERROR;
				CLANG_WARN_EMPTY_BODY = YES;
				CLANG_WARN_ENUM_CONVERSION = YES;
				CLANG_WARN_INT_CONVERSION = YES;
				CLANG_WARN_OBJC_ROOT_CLASS = YES_ERROR;
				CLANG_WARN__DUPLICATE_METHOD_MATCH = YES;
				CODE_SIGN_IDENTITY = "iPhone Developer: HAITAO LIU (QR5QJ6EUWP)";
				"CODE_SIGN_IDENTITY[sdk=iphoneos*]" = "iPhone Developer: HAITAO LIU (QR5QJ6EUWP)";
				COPY_PHASE_STRIP = YES;
				ENABLE_NS_ASSERTIONS = NO;
				GCC_C_LANGUAGE_STANDARD = gnu99;
				GCC_WARN_64_TO_32_BIT_CONVERSION = YES;
				GCC_WARN_ABOUT_RETURN_TYPE = YES_ERROR;
				GCC_WARN_UNDECLARED_SELECTOR = YES;
				GCC_WARN_UNINITIALIZED_AUTOS = YES;
				GCC_WARN_UNUSED_FUNCTION = YES;
				GCC_WARN_UNUSED_VARIABLE = YES;
				IPHONEOS_DEPLOYMENT_TARGET = 6.1;
				PROVISIONING_PROFILE = "2f33be47-2821-4feb-8ea3-3e96b05c9dab";
				SDKROOT = iphoneos;
				TARGETED_DEVICE_FAMILY = "1,2";
				VALIDATE_PRODUCT = YES;
			};
			name = Release;
		};
		C1ADE24A185EA5680054A346 /* Debug */ = {
			isa = XCBuildConfiguration;
			buildSettings = {
				CODE_SIGN_IDENTITY = "iPhone Developer: HAITAO LIU (QR5QJ6EUWP)";
				"CODE_SIGN_IDENTITY[sdk=iphoneos*]" = "iPhone Developer: HAITAO LIU (QR5QJ6EUWP)";
				GCC_PRECOMPILE_PREFIX_HEADER = YES;
				GCC_PREFIX_HEADER = "Translation/Translation-Prefix.pch";
				INFOPLIST_FILE = "Translation/Translation-Info.plist";
				IPHONEOS_DEPLOYMENT_TARGET = 6.0;
				PRODUCT_NAME = "$(TARGET_NAME)";
				PROVISIONING_PROFILE = "2f33be47-2821-4feb-8ea3-3e96b05c9dab";
				TARGETED_DEVICE_FAMILY = 1;
				WRAPPER_EXTENSION = app;
			};
			name = Debug;
		};
		C1ADE24B185EA5680054A346 /* Release */ = {
			isa = XCBuildConfiguration;
			buildSettings = {
				CODE_SIGN_IDENTITY = "iPhone Developer: HAITAO LIU (QR5QJ6EUWP)";
				"CODE_SIGN_IDENTITY[sdk=iphoneos*]" = "iPhone Developer: HAITAO LIU (QR5QJ6EUWP)";
				GCC_PRECOMPILE_PREFIX_HEADER = YES;
				GCC_PREFIX_HEADER = "Translation/Translation-Prefix.pch";
				INFOPLIST_FILE = "Translation/Translation-Info.plist";
				IPHONEOS_DEPLOYMENT_TARGET = 6.0;
				PRODUCT_NAME = "$(TARGET_NAME)";
				PROVISIONING_PROFILE = "2f33be47-2821-4feb-8ea3-3e96b05c9dab";
				TARGETED_DEVICE_FAMILY = 1;
				WRAPPER_EXTENSION = app;
			};
			name = Release;
		};
		C1ADE24D185EA5680054A346 /* Debug */ = {
			isa = XCBuildConfiguration;
			buildSettings = {
				ARCHS = "$(ARCHS_STANDARD_INCLUDING_64_BIT)";
				BUNDLE_LOADER = "$(BUILT_PRODUCTS_DIR)/Translation.app/Translation";
				FRAMEWORK_SEARCH_PATHS = (
					"$(SDKROOT)/Developer/Library/Frameworks",
					"$(inherited)",
					"$(DEVELOPER_FRAMEWORKS_DIR)",
				);
				GCC_PRECOMPILE_PREFIX_HEADER = YES;
				GCC_PREFIX_HEADER = "Translation/Translation-Prefix.pch";
				GCC_PREPROCESSOR_DEFINITIONS = (
					"DEBUG=1",
					"$(inherited)",
				);
				INFOPLIST_FILE = "TranslationTests/TranslationTests-Info.plist";
				PRODUCT_NAME = "$(TARGET_NAME)";
				TEST_HOST = "$(BUNDLE_LOADER)";
				WRAPPER_EXTENSION = xctest;
			};
			name = Debug;
		};
		C1ADE24E185EA5680054A346 /* Release */ = {
			isa = XCBuildConfiguration;
			buildSettings = {
				ARCHS = "$(ARCHS_STANDARD_INCLUDING_64_BIT)";
				BUNDLE_LOADER = "$(BUILT_PRODUCTS_DIR)/Translation.app/Translation";
				FRAMEWORK_SEARCH_PATHS = (
					"$(SDKROOT)/Developer/Library/Frameworks",
					"$(inherited)",
					"$(DEVELOPER_FRAMEWORKS_DIR)",
				);
				GCC_PRECOMPILE_PREFIX_HEADER = YES;
				GCC_PREFIX_HEADER = "Translation/Translation-Prefix.pch";
				INFOPLIST_FILE = "TranslationTests/TranslationTests-Info.plist";
				PRODUCT_NAME = "$(TARGET_NAME)";
				TEST_HOST = "$(BUNDLE_LOADER)";
				WRAPPER_EXTENSION = xctest;
			};
			name = Release;
		};
/* End XCBuildConfiguration section */

/* Begin XCConfigurationList section */
		C1ADE218185EA5680054A346 /* Build configuration list for PBXProject "Translation" */ = {
			isa = XCConfigurationList;
			buildConfigurations = (
				C1ADE247185EA5680054A346 /* Debug */,
				C1ADE248185EA5680054A346 /* Release */,
			);
			defaultConfigurationIsVisible = 0;
			defaultConfigurationName = Release;
		};
		C1ADE249185EA5680054A346 /* Build configuration list for PBXNativeTarget "Translation" */ = {
			isa = XCConfigurationList;
			buildConfigurations = (
				C1ADE24A185EA5680054A346 /* Debug */,
				C1ADE24B185EA5680054A346 /* Release */,
			);
			defaultConfigurationIsVisible = 0;
			defaultConfigurationName = Release;
		};
		C1ADE24C185EA5680054A346 /* Build configuration list for PBXNativeTarget "TranslationTests" */ = {
			isa = XCConfigurationList;
			buildConfigurations = (
				C1ADE24D185EA5680054A346 /* Debug */,
				C1ADE24E185EA5680054A346 /* Release */,
			);
			defaultConfigurationIsVisible = 0;
			defaultConfigurationName = Release;
		};
/* End XCConfigurationList section */
	};
	rootObject = C1ADE215185EA5680054A346 /* Project object */;
}
